
Microsoft Visual Studio Solution File, Format Version 12.00
# Visual Studio Version 16
VisualStudioVersion = 16.0.29418.71
MinimumVisualStudioVersion = 10.0.40219.1
Project("{FAE04EC0-301F-11D3-BF4B-00C04F79EFBC}") = "IZP", "IZP\IZP.csproj", "{A706A61F-2D7B-4B49-B45C-67105C3CF254}"
EndProject
Global
	GlobalSection(SolutionConfigurationPlatforms) = preSolution
		Debug|Any CPU = Debug|Any CPU
		Release|Any CPU = Release|Any CPU
	EndGlobalSection
	GlobalSection(ProjectConfigurationPlatforms) = postSolution
		{A706A61F-2D7B-4B49-B45C-67105C3CF254}.Debug|Any CPU.ActiveCfg = Debug|Any CPU
		{A706A61F-2D7B-4B49-B45C-67105C3CF254}.Debug|Any CPU.Build.0 = Debug|Any CPU
		{A706A61F-2D7B-4B49-B45C-67105C3CF254}.Release|Any CPU.ActiveCfg = Release|Any CPU
		{A706A61F-2D7B-4B49-B45C-67105C3CF254}.Release|Any CPU.Build.0 = Release|Any CPU
	EndGlobalSection
	GlobalSection(SolutionProperties) = preSolution
		HideSolutionNode = FALSE
	EndGlobalSection
	GlobalSection(ExtensibilityGlobals) = postSolution
		SolutionGuid = {246C6252-A478-46C4-BD1C-CF5416EA34DA}
	EndGlobalSection
EndGlobal
